
Microsoft Visual Studio Solution File, Format Version 12.00
# Visual Studio Version 17
VisualStudioVersion = 17.9.34728.123
MinimumVisualStudioVersion = 10.0.40219.1
Project("{FAE04EC0-301F-11D3-BF4B-00C04F79EFBC}") = "TesteBenner", "TesteBenner\TesteBenner.csproj", "{ABE434FD-9470-4452-ABC8-558AF9D6865C}"
EndProject
Global
	GlobalSection(SolutionConfigurationPlatforms) = preSolution
		Debug|Any CPU = Debug|Any CPU
		Release|Any CPU = Release|Any CPU
	EndGlobalSection
	GlobalSection(ProjectConfigurationPlatforms) = postSolution
		{ABE434FD-9470-4452-ABC8-558AF9D6865C}.Debug|Any CPU.ActiveCfg = Debug|Any CPU
		{ABE434FD-9470-4452-ABC8-558AF9D6865C}.Debug|Any CPU.Build.0 = Debug|Any CPU
		{ABE434FD-9470-4452-ABC8-558AF9D6865C}.Release|Any CPU.ActiveCfg = Release|Any CPU
		{ABE434FD-9470-4452-ABC8-558AF9D6865C}.Release|Any CPU.Build.0 = Release|Any CPU
	EndGlobalSection
	GlobalSection(SolutionProperties) = preSolution
		HideSolutionNode = FALSE
	EndGlobalSection
	GlobalSection(ExtensibilityGlobals) = postSolution
		SolutionGuid = {7EE1A9DF-A58B-47FF-AD79-853DBC8D0F55}
	EndGlobalSection
EndGlobal
